
Microsoft Visual Studio Solution File, Format Version 12.00
# Visual Studio 14
VisualStudioVersion = 14.0.25420.1
MinimumVisualStudioVersion = 10.0.40219.1
Project("{FAE04EC0-301F-11D3-BF4B-00C04F79EFBC}") = "KingdomConnections", "KingdomConnections\KingdomConnections.csproj", "{3FBFC907-B0F6-4900-B4C1-FCB2205EF330}"
EndProject
Project("{FAE04EC0-301F-11D3-BF4B-00C04F79EFBC}") = "KingdomConnections.Tests", "KingdomConnections.Tests\KingdomConnections.Tests.csproj", "{2D51C678-0580-41E5-9543-880CB72B5259}"
EndProject
Project("{FAE04EC0-301F-11D3-BF4B-00C04F79EFBC}") = "KingdomConnections-DAL", "KingdomConnections-DAL\KingdomConnections-DAL.csproj", "{5C35F81E-9155-4F71-9F91-2582E07B0A4B}"
EndProject
Project("{FAE04EC0-301F-11D3-BF4B-00C04F79EFBC}") = "KingdomConnections-BAL", "KingdomConnections-BAL\KingdomConnections-BAL.csproj", "{383977C7-3A8D-49D2-AA3C-88DFCB664B90}"
EndProject
Global
	GlobalSection(SolutionConfigurationPlatforms) = preSolution
		Debug|Any CPU = Debug|Any CPU
		Release|Any CPU = Release|Any CPU
	EndGlobalSection
	GlobalSection(ProjectConfigurationPlatforms) = postSolution
		{3FBFC907-B0F6-4900-B4C1-FCB2205EF330}.Debug|Any CPU.ActiveCfg = Debug|Any CPU
		{3FBFC907-B0F6-4900-B4C1-FCB2205EF330}.Debug|Any CPU.Build.0 = Debug|Any CPU
		{3FBFC907-B0F6-4900-B4C1-FCB2205EF330}.Release|Any CPU.ActiveCfg = Release|Any CPU
		{3FBFC907-B0F6-4900-B4C1-FCB2205EF330}.Release|Any CPU.Build.0 = Release|Any CPU
		{2D51C678-0580-41E5-9543-880CB72B5259}.Debug|Any CPU.ActiveCfg = Debug|Any CPU
		{2D51C678-0580-41E5-9543-880CB72B5259}.Debug|Any CPU.Build.0 = Debug|Any CPU
		{2D51C678-0580-41E5-9543-880CB72B5259}.Release|Any CPU.ActiveCfg = Release|Any CPU
		{2D51C678-0580-41E5-9543-880CB72B5259}.Release|Any CPU.Build.0 = Release|Any CPU
		{5C35F81E-9155-4F71-9F91-2582E07B0A4B}.Debug|Any CPU.ActiveCfg = Debug|Any CPU
		{5C35F81E-9155-4F71-9F91-2582E07B0A4B}.Debug|Any CPU.Build.0 = Debug|Any CPU
		{5C35F81E-9155-4F71-9F91-2582E07B0A4B}.Release|Any CPU.ActiveCfg = Release|Any CPU
		{5C35F81E-9155-4F71-9F91-2582E07B0A4B}.Release|Any CPU.Build.0 = Release|Any CPU
		{383977C7-3A8D-49D2-AA3C-88DFCB664B90}.Debug|Any CPU.ActiveCfg = Debug|Any CPU
		{383977C7-3A8D-49D2-AA3C-88DFCB664B90}.Debug|Any CPU.Build.0 = Debug|Any CPU
		{383977C7-3A8D-49D2-AA3C-88DFCB664B90}.Release|Any CPU.ActiveCfg = Release|Any CPU
		{383977C7-3A8D-49D2-AA3C-88DFCB664B90}.Release|Any CPU.Build.0 = Release|Any CPU
	EndGlobalSection
	GlobalSection(SolutionProperties) = preSolution
		HideSolutionNode = FALSE
	EndGlobalSection
EndGlobal
